
Microsoft Visual Studio Solution File, Format Version 12.00
# Visual Studio Version 17
VisualStudioVersion = 17.0.32014.148
MinimumVisualStudioVersion = 10.0.40219.1
Project("{9A19103F-16F7-4668-BE54-9A1E7A4F7556}") = "Entra21.ExerciciosWhileTryVetor", "Entra21.ExercicicsWhile\Entra21.ExerciciosWhileTryVetor.csproj", "{0D556C03-5D07-4740-83F8-9A9935995FDB}"
EndProject
Project("{9A19103F-16F7-4668-BE54-9A1E7A4F7556}") = "ExerciciosOrientacaoObjeto", "ExerciciosOrientacaoObjeto\ExerciciosOrientacaoObjeto.csproj", "{79576ACE-F560-4BFE-88CA-B1F1CEBD48DD}"
EndProject
Project("{9A19103F-16F7-4668-BE54-9A1E7A4F7556}") = "Entra21.ExemploOrientacaoObjeto", "Entra21.ExemploOrientacaoObjeto\Entra21.ExemploOrientacaoObjeto.csproj", "{B08DCE1F-852D-4027-BF17-748533254FC0}"
EndProject
Project("{9A19103F-16F7-4668-BE54-9A1E7A4F7556}") = "Entra21.ExemploOrientacaoObjeto.Tests", "Entra21.ExemploOrientacaoObjeto.Tests\Entra21.ExemploOrientacaoObjeto.Tests.csproj", "{309BD893-92C4-4BAD-AEDF-3CBEBB7E9E4D}"
EndProject
Project("{9A19103F-16F7-4668-BE54-9A1E7A4F7556}") = "ExerciciosOrientacaoObjetoTests", "ExerciciosOrientacaoObjetoTests\ExerciciosOrientacaoObjetoTests.csproj", "{3F7A823A-44E8-4A5A-B680-79DC4EB96E98}"
EndProject
Project("{9A19103F-16F7-4668-BE54-9A1E7A4F7556}") = "Entra21.ExercicioLista1", "Entra21.ExercicioLista1\Entra21.ExercicioLista1.csproj", "{F14AD9CD-9DBC-4F23-B2E7-7C7C5E819DE1}"
EndProject
Project("{9A19103F-16F7-4668-BE54-9A1E7A4F7556}") = "ExercicioListaObjetos", "ExercicioListaObjetos\ExercicioListaObjetos.csproj", "{30D4F632-EA91-46B6-B106-5FA46A69BE8D}"
EndProject
Project("{9A19103F-16F7-4668-BE54-9A1E7A4F7556}") = "Entra21.ExemploWindownsForm", "Entra21.ExemploWindownsForm\Entra21.ExemploWindownsForm.csproj", "{9BA17F3E-6DB3-41E6-9B7B-193D9C1FB4B8}"
EndProject
Project("{2150E333-8FDC-42A3-9474-1A3956D46DE8}") = "Exercicios SQL", "Exercicios SQL", "{A07618EA-F05D-4304-806D-6AAE44C31523}"
EndProject
Project("{2150E333-8FDC-42A3-9474-1A3956D46DE8}") = "Lista 1", "Lista 1", "{2BCF0D2D-D375-436A-A308-3FA7CB3BE8C6}"
	ProjectSection(SolutionItems) = preProject
		ExerciciosSQL\ExercicioSQL1.sql = ExerciciosSQL\ExercicioSQL1.sql
		ExerciciosSQL\ExercicioSQL2.sql = ExerciciosSQL\ExercicioSQL2.sql
		ExerciciosSQL\ExercicioSQL3.sql = ExerciciosSQL\ExercicioSQL3.sql
		\\Server\c#-noturno\alan.fernandes\Desktop\pokemons_estrutura_insert.sql = \\Server\c#-noturno\alan.fernandes\Desktop\pokemons_estrutura_insert.sql
	EndProjectSection
EndProject
Project("{2150E333-8FDC-42A3-9474-1A3956D46DE8}") = "Lista 2", "Lista 2", "{18311281-3A43-4689-ACA9-EF4AD667FBF0}"
	ProjectSection(SolutionItems) = preProject
		\\Server\c#-noturno\alan.fernandes\Desktop\alunos_estrutura_insert.sql = \\Server\c#-noturno\alan.fernandes\Desktop\alunos_estrutura_insert.sql
		\\Server\c#-noturno\alan.fernandes\Desktop\cidades_estrutura_insert.sql = \\Server\c#-noturno\alan.fernandes\Desktop\cidades_estrutura_insert.sql
		\\Server\c#-noturno\alan.fernandes\Desktop\pokemons_estrutura_insert.sql = \\Server\c#-noturno\alan.fernandes\Desktop\pokemons_estrutura_insert.sql
	EndProjectSection
EndProject
Global
	GlobalSection(SolutionConfigurationPlatforms) = preSolution
		Debug|Any CPU = Debug|Any CPU
		Release|Any CPU = Release|Any CPU
	EndGlobalSection
	GlobalSection(ProjectConfigurationPlatforms) = postSolution
		{0D556C03-5D07-4740-83F8-9A9935995FDB}.Debug|Any CPU.ActiveCfg = Debug|Any CPU
		{0D556C03-5D07-4740-83F8-9A9935995FDB}.Debug|Any CPU.Build.0 = Debug|Any CPU
		{0D556C03-5D07-4740-83F8-9A9935995FDB}.Release|Any CPU.ActiveCfg = Release|Any CPU
		{0D556C03-5D07-4740-83F8-9A9935995FDB}.Release|Any CPU.Build.0 = Release|Any CPU
		{79576ACE-F560-4BFE-88CA-B1F1CEBD48DD}.Debug|Any CPU.ActiveCfg = Debug|Any CPU
		{79576ACE-F560-4BFE-88CA-B1F1CEBD48DD}.Debug|Any CPU.Build.0 = Debug|Any CPU
		{79576ACE-F560-4BFE-88CA-B1F1CEBD48DD}.Release|Any CPU.ActiveCfg = Release|Any CPU
		{79576ACE-F560-4BFE-88CA-B1F1CEBD48DD}.Release|Any CPU.Build.0 = Release|Any CPU
		{B08DCE1F-852D-4027-BF17-748533254FC0}.Debug|Any CPU.ActiveCfg = Debug|Any CPU
		{B08DCE1F-852D-4027-BF17-748533254FC0}.Debug|Any CPU.Build.0 = Debug|Any CPU
		{B08DCE1F-852D-4027-BF17-748533254FC0}.Release|Any CPU.ActiveCfg = Release|Any CPU
		{B08DCE1F-852D-4027-BF17-748533254FC0}.Release|Any CPU.Build.0 = Release|Any CPU
		{309BD893-92C4-4BAD-AEDF-3CBEBB7E9E4D}.Debug|Any CPU.ActiveCfg = Debug|Any CPU
		{309BD893-92C4-4BAD-AEDF-3CBEBB7E9E4D}.Debug|Any CPU.Build.0 = Debug|Any CPU
		{309BD893-92C4-4BAD-AEDF-3CBEBB7E9E4D}.Release|Any CPU.ActiveCfg = Release|Any CPU
		{309BD893-92C4-4BAD-AEDF-3CBEBB7E9E4D}.Release|Any CPU.Build.0 = Release|Any CPU
		{3F7A823A-44E8-4A5A-B680-79DC4EB96E98}.Debug|Any CPU.ActiveCfg = Debug|Any CPU
		{3F7A823A-44E8-4A5A-B680-79DC4EB96E98}.Debug|Any CPU.Build.0 = Debug|Any CPU
		{3F7A823A-44E8-4A5A-B680-79DC4EB96E98}.Release|Any CPU.ActiveCfg = Release|Any CPU
		{3F7A823A-44E8-4A5A-B680-79DC4EB96E98}.Release|Any CPU.Build.0 = Release|Any CPU
		{F14AD9CD-9DBC-4F23-B2E7-7C7C5E819DE1}.Debug|Any CPU.ActiveCfg = Debug|Any CPU
		{F14AD9CD-9DBC-4F23-B2E7-7C7C5E819DE1}.Debug|Any CPU.Build.0 = Debug|Any CPU
		{F14AD9CD-9DBC-4F23-B2E7-7C7C5E819DE1}.Release|Any CPU.ActiveCfg = Release|Any CPU
		{F14AD9CD-9DBC-4F23-B2E7-7C7C5E819DE1}.Release|Any CPU.Build.0 = Release|Any CPU
		{30D4F632-EA91-46B6-B106-5FA46A69BE8D}.Debug|Any CPU.ActiveCfg = Debug|Any CPU
		{30D4F632-EA91-46B6-B106-5FA46A69BE8D}.Debug|Any CPU.Build.0 = Debug|Any CPU
		{30D4F632-EA91-46B6-B106-5FA46A69BE8D}.Release|Any CPU.ActiveCfg = Release|Any CPU
		{30D4F632-EA91-46B6-B106-5FA46A69BE8D}.Release|Any CPU.Build.0 = Release|Any CPU
		{9BA17F3E-6DB3-41E6-9B7B-193D9C1FB4B8}.Debug|Any CPU.ActiveCfg = Debug|Any CPU
		{9BA17F3E-6DB3-41E6-9B7B-193D9C1FB4B8}.Debug|Any CPU.Build.0 = Debug|Any CPU
		{9BA17F3E-6DB3-41E6-9B7B-193D9C1FB4B8}.Release|Any CPU.ActiveCfg = Release|Any CPU
		{9BA17F3E-6DB3-41E6-9B7B-193D9C1FB4B8}.Release|Any CPU.Build.0 = Release|Any CPU
	EndGlobalSection
	GlobalSection(SolutionProperties) = preSolution
		HideSolutionNode = FALSE
	EndGlobalSection
	GlobalSection(NestedProjects) = preSolution
		{2BCF0D2D-D375-436A-A308-3FA7CB3BE8C6} = {A07618EA-F05D-4304-806D-6AAE44C31523}
		{18311281-3A43-4689-ACA9-EF4AD667FBF0} = {A07618EA-F05D-4304-806D-6AAE44C31523}
	EndGlobalSection
	GlobalSection(ExtensibilityGlobals) = postSolution
		SolutionGuid = {B93B55FA-FC59-4297-99FD-0E1694399548}
	EndGlobalSection
EndGlobal
